outputs/classification_analyses/2024_12_09_Batch_12/profiles_tcdropped_filtered_var_mad_outlier_featselect_filtcells/metrics.csv
outputs/classification_results/2024_12_09_Batch_12/profiles_tcdropped_filtered_var_mad_outlier_featselect_filtcells/classifier_info.csv
outputs/classification_results/2024_12_09_Batch_12/profiles_tcdropped_filtered_var_mad_outlier_featselect_filtcells/predictions.parquet
outputs/batch_profiles/2024_12_09_Batch_12/profiles_tcdropped_filtered_var_mad_outlier_featselect_filtcells.parquet
outputs/batch_profiles/2024_12_09_Batch_12/profiles_tcdropped_filtered_var_mad_outlier_featselect.parquet
outputs/batch_profiles/2024_12_09_Batch_12/profiles_tcdropped_filtered_var_mad_outlier.parquet
outputs/batch_profiles/2024_12_09_Batch_12/profiles_tcdropped_filtered_var_mad.parquet
outputs/batch_profiles/2024_12_09_Batch_12/profiles_tcdropped_filtered_var.parquet
outputs/batch_profiles/2024_12_09_Batch_12/plate_stats.parquet
outputs/batch_profiles/2024_12_09_Batch_12/profiles_tcdropped_filtered.parquet
outputs/batch_profiles/2024_12_09_Batch_12/plate_stats.parquet
outputs/batch_profiles/2024_12_09_Batch_12/profiles_tcdropped.parquet
outputs/batch_profiles/2024_12_09_Batch_12/profiles.parquet
outputs/single_cell_profiles/2024_12_09_Batch_12/2024-12-09_B12A1R2_annotated.parquet
outputs/single_cell_profiles/2024_12_09_Batch_12/2024-12-09_B12A1R2_raw.parquet
inputs/single_cell_profiles/2024_12_09_Batch_12/2024-12-09_B12A1R2/2024-12-09_B12A1R2.sqlite
outputs/batch_profiles/2024_12_09_Batch_12/profiles_tcdropped_filtered.parquet
