outputs/classification_analyses/2024_12_09_Batch_12/profiles_tcdropped_filtered_var_mad_outlier_featselect_filtcells/metrics.csv
outputs/classification_results/2024_12_09_Batch_12/profiles_tcdropped_filtered_var_mad_outlier_featselect_filtcells/feat_importance.csv
outputs/classification_results/2024_12_09_Batch_12/profiles_tcdropped_filtered_var_mad_outlier_featselect_filtcells/classifier_info.csv
outputs/classification_results/2024_12_09_Batch_12/profiles_tcdropped_filtered_var_mad_outlier_featselect_filtcells/predictions.parquet
