/home/shenrunx/igvf/varchamp/2025_Pillar_VarChAMP/2_individual_assay_analyses/imaging/3_outputs/1_snakemake_pipeline/pipeline_outputs/classification_analyses/2025_01_27_Batch_13/profiles_tcdropped_filtered_var_mad_outlier_featselect_filtcells/metrics.csv
/home/shenrunx/igvf/varchamp/2025_Pillar_VarChAMP/2_individual_assay_analyses/imaging/3_outputs/1_snakemake_pipeline/pipeline_outputs/classification_results/2025_01_27_Batch_13/profiles_tcdropped_filtered_var_mad_outlier_featselect_filtcells/feat_importance.csv
/home/shenrunx/igvf/varchamp/2025_Pillar_VarChAMP/2_individual_assay_analyses/imaging/3_outputs/1_snakemake_pipeline/pipeline_outputs/classification_results/2025_01_27_Batch_13/profiles_tcdropped_filtered_var_mad_outlier_featselect_filtcells/classifier_info.csv
/home/shenrunx/igvf/varchamp/2025_Pillar_VarChAMP/2_individual_assay_analyses/imaging/3_outputs/1_snakemake_pipeline/pipeline_outputs/classification_results/2025_01_27_Batch_13/profiles_tcdropped_filtered_var_mad_outlier_featselect_filtcells/predictions.parquet
